
Microsoft Visual Studio Solution File, Format Version 12.00
# Visual Studio Version 17
VisualStudioVersion = 17.4.33110.190
MinimumVisualStudioVersion = 10.0.40219.1
Project("{FAE04EC0-301F-11D3-BF4B-00C04F79EFBC}") = "Tyuiu.NikishovDV.Task1.V4", "Tyuiu.NikishovDV.Task1.V4\Tyuiu.NikishovDV.Task1.V4.csproj", "{74BADA8E-4DD5-4127-B7DF-B36F81065CBA}"
EndProject
Global
	GlobalSection(SolutionConfigurationPlatforms) = preSolution
		Debug|Any CPU = Debug|Any CPU
		Release|Any CPU = Release|Any CPU
	EndGlobalSection
	GlobalSection(ProjectConfigurationPlatforms) = postSolution
		{74BADA8E-4DD5-4127-B7DF-B36F81065CBA}.Debug|Any CPU.ActiveCfg = Debug|Any CPU
		{74BADA8E-4DD5-4127-B7DF-B36F81065CBA}.Debug|Any CPU.Build.0 = Debug|Any CPU
		{74BADA8E-4DD5-4127-B7DF-B36F81065CBA}.Release|Any CPU.ActiveCfg = Release|Any CPU
		{74BADA8E-4DD5-4127-B7DF-B36F81065CBA}.Release|Any CPU.Build.0 = Release|Any CPU
	EndGlobalSection
	GlobalSection(SolutionProperties) = preSolution
		HideSolutionNode = FALSE
	EndGlobalSection
	GlobalSection(ExtensibilityGlobals) = postSolution
		SolutionGuid = {FF896244-94AB-4531-9911-E4F5FD348927}
	EndGlobalSection
EndGlobal
